# generated by rye
# use `rye lock` or `rye sync` to update this lockfile
#
# last locked with the following flags:
#   pre: false
#   features: []
#   all-features: false
#   with-sources: false

-e file:.
beautifulsoup4==4.12.3
    # via paper-reader
certifi==2024.2.2
    # via requests
cfgv==3.4.0
    # via pre-commit
charset-normalizer==3.3.2
    # via requests
distlib==0.3.8
    # via virtualenv
filelock==3.13.4
    # via virtualenv
identify==2.5.36
    # via pre-commit
idna==3.7
    # via requests
lxml==5.2.1
    # via paper-reader
nodeenv==1.8.0
    # via pre-commit
platformdirs==4.2.0
    # via virtualenv
pre-commit==3.7.0
pyyaml==6.0.1
    # via paper-reader
    # via pre-commit
requests==2.31.0
    # via paper-reader
ruff==0.4.1
soupsieve==2.5
    # via beautifulsoup4
urllib3==2.2.1
    # via requests
virtualenv==20.25.3
    # via pre-commit
setuptools==69.5.1
    # via nodeenv
